
Microsoft Visual Studio Solution File, Format Version 12.00
# Visual Studio 15
VisualStudioVersion = 15.0.28010.2050
MinimumVisualStudioVersion = 10.0.40219.1
Project("{FAE04EC0-301F-11D3-BF4B-00C04F79EFBC}") = "1st", "1st\1st.csproj", "{28FD6637-C2E7-46E8-A2B6-E5B2C5FC799C}"
EndProject
Project("{FAE04EC0-301F-11D3-BF4B-00C04F79EFBC}") = "MagicNumber", "MagicNumber\MagicNumber.csproj", "{AA5441B1-0930-442C-A0D7-42B36EAF2FBE}"
EndProject
Project("{FAE04EC0-301F-11D3-BF4B-00C04F79EFBC}") = "WpfApp1", "WpfApp1\WpfApp1.csproj", "{A362177D-B848-4A47-AFC6-F48933D606E7}"
EndProject
Project("{FAE04EC0-301F-11D3-BF4B-00C04F79EFBC}") = "CalcPaff", "CalcPaff\CalcPaff.csproj", "{BD4E5EFA-FE6F-4CB9-A448-3BE748BF1B7D}"
EndProject
Project("{FAE04EC0-301F-11D3-BF4B-00C04F79EFBC}") = "dice", "dice\dice.csproj", "{B360BC5B-1650-46E5-B648-D9D07F330770}"
EndProject
Project("{FAE04EC0-301F-11D3-BF4B-00C04F79EFBC}") = "carnet", "carnet\carnet.csproj", "{EC1EEE9E-9F49-4B19-8862-990561C9F08D}"
EndProject
Project("{FAE04EC0-301F-11D3-BF4B-00C04F79EFBC}") = "SharpLord", "SharpLord\SharpLord.csproj", "{F1E078CC-32A3-4973-9BA8-47B1347AF555}"
EndProject
Global
	GlobalSection(SolutionConfigurationPlatforms) = preSolution
		Debug|Any CPU = Debug|Any CPU
		Release|Any CPU = Release|Any CPU
	EndGlobalSection
	GlobalSection(ProjectConfigurationPlatforms) = postSolution
		{28FD6637-C2E7-46E8-A2B6-E5B2C5FC799C}.Debug|Any CPU.ActiveCfg = Debug|Any CPU
		{28FD6637-C2E7-46E8-A2B6-E5B2C5FC799C}.Debug|Any CPU.Build.0 = Debug|Any CPU
		{28FD6637-C2E7-46E8-A2B6-E5B2C5FC799C}.Release|Any CPU.ActiveCfg = Release|Any CPU
		{28FD6637-C2E7-46E8-A2B6-E5B2C5FC799C}.Release|Any CPU.Build.0 = Release|Any CPU
		{AA5441B1-0930-442C-A0D7-42B36EAF2FBE}.Debug|Any CPU.ActiveCfg = Debug|Any CPU
		{AA5441B1-0930-442C-A0D7-42B36EAF2FBE}.Debug|Any CPU.Build.0 = Debug|Any CPU
		{AA5441B1-0930-442C-A0D7-42B36EAF2FBE}.Release|Any CPU.ActiveCfg = Release|Any CPU
		{AA5441B1-0930-442C-A0D7-42B36EAF2FBE}.Release|Any CPU.Build.0 = Release|Any CPU
		{A362177D-B848-4A47-AFC6-F48933D606E7}.Debug|Any CPU.ActiveCfg = Debug|Any CPU
		{A362177D-B848-4A47-AFC6-F48933D606E7}.Debug|Any CPU.Build.0 = Debug|Any CPU
		{A362177D-B848-4A47-AFC6-F48933D606E7}.Release|Any CPU.ActiveCfg = Release|Any CPU
		{A362177D-B848-4A47-AFC6-F48933D606E7}.Release|Any CPU.Build.0 = Release|Any CPU
		{BD4E5EFA-FE6F-4CB9-A448-3BE748BF1B7D}.Debug|Any CPU.ActiveCfg = Debug|Any CPU
		{BD4E5EFA-FE6F-4CB9-A448-3BE748BF1B7D}.Debug|Any CPU.Build.0 = Debug|Any CPU
		{BD4E5EFA-FE6F-4CB9-A448-3BE748BF1B7D}.Release|Any CPU.ActiveCfg = Release|Any CPU
		{BD4E5EFA-FE6F-4CB9-A448-3BE748BF1B7D}.Release|Any CPU.Build.0 = Release|Any CPU
		{B360BC5B-1650-46E5-B648-D9D07F330770}.Debug|Any CPU.ActiveCfg = Debug|Any CPU
		{B360BC5B-1650-46E5-B648-D9D07F330770}.Debug|Any CPU.Build.0 = Debug|Any CPU
		{B360BC5B-1650-46E5-B648-D9D07F330770}.Release|Any CPU.ActiveCfg = Release|Any CPU
		{B360BC5B-1650-46E5-B648-D9D07F330770}.Release|Any CPU.Build.0 = Release|Any CPU
		{EC1EEE9E-9F49-4B19-8862-990561C9F08D}.Debug|Any CPU.ActiveCfg = Debug|Any CPU
		{EC1EEE9E-9F49-4B19-8862-990561C9F08D}.Debug|Any CPU.Build.0 = Debug|Any CPU
		{EC1EEE9E-9F49-4B19-8862-990561C9F08D}.Release|Any CPU.ActiveCfg = Release|Any CPU
		{EC1EEE9E-9F49-4B19-8862-990561C9F08D}.Release|Any CPU.Build.0 = Release|Any CPU
		{F1E078CC-32A3-4973-9BA8-47B1347AF555}.Debug|Any CPU.ActiveCfg = Debug|Any CPU
		{F1E078CC-32A3-4973-9BA8-47B1347AF555}.Debug|Any CPU.Build.0 = Debug|Any CPU
		{F1E078CC-32A3-4973-9BA8-47B1347AF555}.Release|Any CPU.ActiveCfg = Release|Any CPU
		{F1E078CC-32A3-4973-9BA8-47B1347AF555}.Release|Any CPU.Build.0 = Release|Any CPU
	EndGlobalSection
	GlobalSection(SolutionProperties) = preSolution
		HideSolutionNode = FALSE
	EndGlobalSection
	GlobalSection(ExtensibilityGlobals) = postSolution
		SolutionGuid = {DE646900-4E08-477A-AE45-B9B29ADC54A1}
	EndGlobalSection
EndGlobal
